
Microsoft Visual Studio Solution File, Format Version 12.00
# Visual Studio Version 17
VisualStudioVersion = 17.5.33414.496
MinimumVisualStudioVersion = 10.0.40219.1
Project("{FAE04EC0-301F-11D3-BF4B-00C04F79EFBC}") = "Chain of Responsibility", "Chain of Responsibility\Chain of Responsibility.csproj", "{5A58D8BC-65D5-4286-A2C7-54379B3CC315}"
EndProject
Global
	GlobalSection(SolutionConfigurationPlatforms) = preSolution
		Debug|Any CPU = Debug|Any CPU
		Release|Any CPU = Release|Any CPU
	EndGlobalSection
	GlobalSection(ProjectConfigurationPlatforms) = postSolution
		{5A58D8BC-65D5-4286-A2C7-54379B3CC315}.Debug|Any CPU.ActiveCfg = Debug|Any CPU
		{5A58D8BC-65D5-4286-A2C7-54379B3CC315}.Debug|Any CPU.Build.0 = Debug|Any CPU
		{5A58D8BC-65D5-4286-A2C7-54379B3CC315}.Release|Any CPU.ActiveCfg = Release|Any CPU
		{5A58D8BC-65D5-4286-A2C7-54379B3CC315}.Release|Any CPU.Build.0 = Release|Any CPU
	EndGlobalSection
	GlobalSection(SolutionProperties) = preSolution
		HideSolutionNode = FALSE
	EndGlobalSection
	GlobalSection(ExtensibilityGlobals) = postSolution
		SolutionGuid = {2C50C0DF-4F20-4286-83FE-A584974B950F}
	EndGlobalSection
EndGlobal
