
Microsoft Visual Studio Solution File, Format Version 12.00
# Visual Studio Version 17
VisualStudioVersion = 17.5.33414.496
MinimumVisualStudioVersion = 10.0.40219.1
Project("{FAE04EC0-301F-11D3-BF4B-00C04F79EFBC}") = "Decorator", "Decorator\Decorator.csproj", "{12F13E71-C7B9-44BD-B440-C11A0999441E}"
EndProject
Global
	GlobalSection(SolutionConfigurationPlatforms) = preSolution
		Debug|Any CPU = Debug|Any CPU
		Release|Any CPU = Release|Any CPU
	EndGlobalSection
	GlobalSection(ProjectConfigurationPlatforms) = postSolution
		{12F13E71-C7B9-44BD-B440-C11A0999441E}.Debug|Any CPU.ActiveCfg = Debug|Any CPU
		{12F13E71-C7B9-44BD-B440-C11A0999441E}.Debug|Any CPU.Build.0 = Debug|Any CPU
		{12F13E71-C7B9-44BD-B440-C11A0999441E}.Release|Any CPU.ActiveCfg = Release|Any CPU
		{12F13E71-C7B9-44BD-B440-C11A0999441E}.Release|Any CPU.Build.0 = Release|Any CPU
	EndGlobalSection
	GlobalSection(SolutionProperties) = preSolution
		HideSolutionNode = FALSE
	EndGlobalSection
	GlobalSection(ExtensibilityGlobals) = postSolution
		SolutionGuid = {D4BE3892-B511-4E35-B62D-2E5D471E4F87}
	EndGlobalSection
EndGlobal
