
Microsoft Visual Studio Solution File, Format Version 12.00
# Visual Studio Version 17
VisualStudioVersion = 17.5.33414.496
MinimumVisualStudioVersion = 10.0.40219.1
Project("{FAE04EC0-301F-11D3-BF4B-00C04F79EFBC}") = "Adapter", "Adapter\Adapter.csproj", "{7B9290F2-6074-45DE-A12D-E8DDCB03F576}"
EndProject
Global
	GlobalSection(SolutionConfigurationPlatforms) = preSolution
		Debug|Any CPU = Debug|Any CPU
		Release|Any CPU = Release|Any CPU
	EndGlobalSection
	GlobalSection(ProjectConfigurationPlatforms) = postSolution
		{7B9290F2-6074-45DE-A12D-E8DDCB03F576}.Debug|Any CPU.ActiveCfg = Debug|Any CPU
		{7B9290F2-6074-45DE-A12D-E8DDCB03F576}.Debug|Any CPU.Build.0 = Debug|Any CPU
		{7B9290F2-6074-45DE-A12D-E8DDCB03F576}.Release|Any CPU.ActiveCfg = Release|Any CPU
		{7B9290F2-6074-45DE-A12D-E8DDCB03F576}.Release|Any CPU.Build.0 = Release|Any CPU
	EndGlobalSection
	GlobalSection(SolutionProperties) = preSolution
		HideSolutionNode = FALSE
	EndGlobalSection
	GlobalSection(ExtensibilityGlobals) = postSolution
		SolutionGuid = {7A7904F7-E0FF-4D72-BA38-57891444FFBA}
	EndGlobalSection
EndGlobal
