
Microsoft Visual Studio Solution File, Format Version 12.00
# Visual Studio Version 17
VisualStudioVersion = 17.5.33414.496
MinimumVisualStudioVersion = 10.0.40219.1
Project("{FAE04EC0-301F-11D3-BF4B-00C04F79EFBC}") = "Prototype", "Prototype\Prototype.csproj", "{B2D9AA24-E8E6-44BF-B39D-2C1355FAD88A}"
EndProject
Global
	GlobalSection(SolutionConfigurationPlatforms) = preSolution
		Debug|Any CPU = Debug|Any CPU
		Release|Any CPU = Release|Any CPU
	EndGlobalSection
	GlobalSection(ProjectConfigurationPlatforms) = postSolution
		{B2D9AA24-E8E6-44BF-B39D-2C1355FAD88A}.Debug|Any CPU.ActiveCfg = Debug|Any CPU
		{B2D9AA24-E8E6-44BF-B39D-2C1355FAD88A}.Debug|Any CPU.Build.0 = Debug|Any CPU
		{B2D9AA24-E8E6-44BF-B39D-2C1355FAD88A}.Release|Any CPU.ActiveCfg = Release|Any CPU
		{B2D9AA24-E8E6-44BF-B39D-2C1355FAD88A}.Release|Any CPU.Build.0 = Release|Any CPU
	EndGlobalSection
	GlobalSection(SolutionProperties) = preSolution
		HideSolutionNode = FALSE
	EndGlobalSection
	GlobalSection(ExtensibilityGlobals) = postSolution
		SolutionGuid = {A45A5186-D773-4253-9FAB-94F4A692BB06}
	EndGlobalSection
EndGlobal
